# This file is generated by running "yarn install" inside your project.
# Manual changes might be lost - proceed with caution!

__metadata:
  version: 6
  cacheKey: 8

"@graphql-typed-document-node/core@npm:^3.1.1":
  version: 3.2.0
  resolution: "@graphql-typed-document-node/core@npm:3.2.0"
  peerDependencies:
    graphql: ^0.8.0 || ^0.9.0 || ^0.10.0 || ^0.11.0 || ^0.12.0 || ^0.13.0 || ^14.0.0 || ^15.0.0 || ^16.0.0 || ^17.0.0
  checksum: fa44443accd28c8cf4cb96aaaf39d144a22e8b091b13366843f4e97d19c7bfeaf609ce3c7603a4aeffe385081eaf8ea245d078633a7324c11c5ec4b2011bb76d
  languageName: node
  linkType: hard

"@madatdata/base-client@npm:0.0.12":
  version: 0.0.12
  resolution: "@madatdata/base-client@npm:0.0.12"
  peerDependencies:
    typescript: "*"
  peerDependenciesMeta:
    typescript:
      optional: true
  checksum: b3a7f58b36d19f76219f6131316fdf50eabbb53c9f6a1dc8ead0dd9df8326d21461436533bc5804ec290dd4950196b7427a250c17aafb3556c946f0a9119275c
  languageName: node
  linkType: hard

"@madatdata/base-db@npm:0.0.12":
  version: 0.0.12
  resolution: "@madatdata/base-db@npm:0.0.12"
  dependencies:
    "@madatdata/base-client": 0.0.12
  peerDependencies:
    typescript: "*"
  peerDependenciesMeta:
    typescript:
      optional: true
  checksum: efa7da839f5f39cdd34c20fc4cda56b1f437ff9717ba375c4f5368b231afd39f3f96130ab1052d107752118b4f4e4ba104c6f379d0d83face991fd591d4d9e80
  languageName: node
  linkType: hard

"@madatdata/client-http@npm:0.0.12":
  version: 0.0.12
  resolution: "@madatdata/client-http@npm:0.0.12"
  dependencies:
    "@madatdata/base-client": 0.0.12
  peerDependencies:
    cross-fetch: "*"
  peerDependenciesMeta:
    cross-fetch:
      optional: true
  checksum: f8fca61420a14515595cc9d048ea2d2598ce09a5eb1caac26816e4bb7cc83718ccd17e3db1f7ab1b66a5d5dc683b024c0d795172630c13923eda59e12b11a0f8
  languageName: node
  linkType: hard

"@madatdata/core@npm:0.0.12, @madatdata/core@npm:canary":
  version: 0.0.12
  resolution: "@madatdata/core@npm:0.0.12"
  dependencies:
    "@madatdata/base-client": 0.0.12
    "@madatdata/base-db": 0.0.12
    "@madatdata/client-http": 0.0.12
    "@madatdata/db-seafowl": 0.0.12
    "@madatdata/db-splitgraph": 0.0.12
  checksum: debe068673c0989663516522bc274a6a377486ca91d77ec6c97dcff13e36543b6d3f93130fbd0e5b96eab207a5099abb6727f80f28b87318c067cd7f0ea86c7c
  languageName: node
  linkType: hard

"@madatdata/db-seafowl@npm:0.0.12":
  version: 0.0.12
  resolution: "@madatdata/db-seafowl@npm:0.0.12"
  dependencies:
    "@madatdata/base-client": 0.0.12
    "@madatdata/base-db": 0.0.12
    "@madatdata/client-http": 0.0.12
  checksum: 8fdc3ccbcfa8712280366418f6b944621c0e186690600af02f71e73b0627db309646a513d7ad42fd5f827f73f8001ab742f4775cd647a59562345712893fbc0c
  languageName: node
  linkType: hard

"@madatdata/db-splitgraph@npm:0.0.12":
  version: 0.0.12
  resolution: "@madatdata/db-splitgraph@npm:0.0.12"
  dependencies:
    "@madatdata/base-client": 0.0.12
    "@madatdata/base-db": 0.0.12
    "@madatdata/client-http": 0.0.12
    graphql: 16.5.0
    graphql-request: 5.1.0
    typescript-retry-decorator: 2.0.5
  checksum: e02d1cecb59f5f575e848c239e492ba567c0a41715e4cb42bd0096afd3d829a4f5f522f94f2140b6147a2067b515592129ba78ad0dcedd0534bc691b7f973bd2
  languageName: node
  linkType: hard

"@madatdata/react@npm:canary":
  version: 0.0.12
  resolution: "@madatdata/react@npm:0.0.12"
  dependencies:
    "@madatdata/core": 0.0.12
  peerDependencies:
    react: ">=17 || >=18"
    react-dom: ">=17 || >=18"
  checksum: c972db6fb75ae9e0f7007545d9450c3a2e17d9dd6e05c9b6956337cc86b94a25f801b11264cd53de05fd2911a493567bf2f445fb74c1a8da3165e759b73807f8
  languageName: node
  linkType: hard

"@next/env@npm:13.4.12":
  version: 13.4.12
  resolution: "@next/env@npm:13.4.12"
  checksum: 2ccb2e271b3c42697c1e807cdf988429fcb563f80fa0ca72512f65f47cbbcc46c44fc53bf055814d4b467f1394de8c1a1ef6aad14d35f9993004faa956466d02
  languageName: node
  linkType: hard

"@next/swc-darwin-arm64@npm:13.4.12":
  version: 13.4.12
  resolution: "@next/swc-darwin-arm64@npm:13.4.12"
  conditions: os=darwin & cpu=arm64
  languageName: node
  linkType: hard

"@next/swc-darwin-x64@npm:13.4.12":
  version: 13.4.12
  resolution: "@next/swc-darwin-x64@npm:13.4.12"
  conditions: os=darwin & cpu=x64
  languageName: node
  linkType: hard

"@next/swc-linux-arm64-gnu@npm:13.4.12":
  version: 13.4.12
  resolution: "@next/swc-linux-arm64-gnu@npm:13.4.12"
  conditions: os=linux & cpu=arm64 & libc=glibc
  languageName: node
  linkType: hard

"@next/swc-linux-arm64-musl@npm:13.4.12":
  version: 13.4.12
  resolution: "@next/swc-linux-arm64-musl@npm:13.4.12"
  conditions: os=linux & cpu=arm64 & libc=musl
  languageName: node
  linkType: hard

"@next/swc-linux-x64-gnu@npm:13.4.12":
  version: 13.4.12
  resolution: "@next/swc-linux-x64-gnu@npm:13.4.12"
  conditions: os=linux & cpu=x64 & libc=glibc
  languageName: node
  linkType: hard

"@next/swc-linux-x64-musl@npm:13.4.12":
  version: 13.4.12
  resolution: "@next/swc-linux-x64-musl@npm:13.4.12"
  conditions: os=linux & cpu=x64 & libc=musl
  languageName: node
  linkType: hard

"@next/swc-win32-arm64-msvc@npm:13.4.12":
  version: 13.4.12
  resolution: "@next/swc-win32-arm64-msvc@npm:13.4.12"
  conditions: os=win32 & cpu=arm64
  languageName: node
  linkType: hard

"@next/swc-win32-ia32-msvc@npm:13.4.12":
  version: 13.4.12
  resolution: "@next/swc-win32-ia32-msvc@npm:13.4.12"
  conditions: os=win32 & cpu=ia32
  languageName: node
  linkType: hard

"@next/swc-win32-x64-msvc@npm:13.4.12":
  version: 13.4.12
  resolution: "@next/swc-win32-x64-msvc@npm:13.4.12"
  conditions: os=win32 & cpu=x64
  languageName: node
  linkType: hard

"@observablehq/plot@npm:0.6.7":
  version: 0.6.7
  resolution: "@observablehq/plot@npm:0.6.7"
  dependencies:
    d3: ^7.8.0
    interval-tree-1d: ^1.0.0
    isoformat: ^0.2.0
  checksum: bd9ce3a6ad2073a0b17d2e71cf3e6f1867057de360ffa14cb46cc85b0b02e3b34c73aa121b8231f78b7ce152c71b127c084f68893105871aac4ea551f0252655
  languageName: node
  linkType: hard

"@swc/helpers@npm:0.5.1":
  version: 0.5.1
  resolution: "@swc/helpers@npm:0.5.1"
  dependencies:
    tslib: ^2.4.0
  checksum: 71e0e27234590435e4c62b97ef5e796f88e786841a38c7116a5e27a3eafa7b9ead7cdec5249b32165902076de78446945311c973e59bddf77c1e24f33a8f272a
  languageName: node
  linkType: hard

"@types/node@npm:^18.0.0":
  version: 18.17.1
  resolution: "@types/node@npm:18.17.1"
  checksum: 56201bda9a2d05d68602df63b4e67b0545ac8c6d0280bd5fb31701350a978a577a027501fbf49db99bf177f2242ebd1244896bfd35e89042d5bd7dfebff28d4e
  languageName: node
  linkType: hard

"@types/prop-types@npm:*":
  version: 15.7.5
  resolution: "@types/prop-types@npm:15.7.5"
  checksum: 5b43b8b15415e1f298243165f1d44390403bb2bd42e662bca3b5b5633fdd39c938e91b7fce3a9483699db0f7a715d08cef220c121f723a634972fdf596aec980
  languageName: node
  linkType: hard

"@types/react@npm:^18.0.14":
  version: 18.2.18
  resolution: "@types/react@npm:18.2.18"
  dependencies:
    "@types/prop-types": "*"
    "@types/scheduler": "*"
    csstype: ^3.0.2
  checksum: 2e0d75de2b618e76780019e52478b1bec2b015a9187aea30f84518c0c3ddc639055bdfea50864aece937bad0cb0544d0100b80d30f5461e72fbc1c3c0be8b140
  languageName: node
  linkType: hard

"@types/scheduler@npm:*":
  version: 0.16.3
  resolution: "@types/scheduler@npm:0.16.3"
  checksum: 2b0aec39c24268e3ce938c5db2f2e77f5c3dd280e05c262d9c2fe7d890929e4632a6b8e94334017b66b45e4f92a5aa42ba3356640c2a1175fa37bef2f5200767
  languageName: node
  linkType: hard

"asynckit@npm:^0.4.0":
  version: 0.4.0
  resolution: "asynckit@npm:0.4.0"
  checksum: 7b78c451df768adba04e2d02e63e2d0bf3b07adcd6e42b4cf665cb7ce899bedd344c69a1dcbce355b5f972d597b25aaa1c1742b52cffd9caccb22f348114f6be
  languageName: node
  linkType: hard

"binary-search-bounds@npm:^2.0.0":
  version: 2.0.5
  resolution: "binary-search-bounds@npm:2.0.5"
  checksum: e073e265570ad09fe7520835c620f1e95036c7e9696c4f2135c9b20f4b4a44e0306b38977e057b049dab60fea4ab53ed4ad2ee19d9bf44cb6b652aa081788b89
  languageName: node
  linkType: hard

"busboy@npm:1.6.0":
  version: 1.6.0
  resolution: "busboy@npm:1.6.0"
  dependencies:
    streamsearch: ^1.1.0
  checksum: 32801e2c0164e12106bf236291a00795c3c4e4b709ae02132883fe8478ba2ae23743b11c5735a0aae8afe65ac4b6ca4568b91f0d9fed1fdbc32ede824a73746e
  languageName: node
  linkType: hard

"caniuse-lite@npm:^1.0.30001406":
  version: 1.0.30001518
  resolution: "caniuse-lite@npm:1.0.30001518"
  checksum: 1b63272f6e3d628ac52e2547e0b75fc477004d4b19b63e34b2c045de7f2e48909f9ea513978fc5a46c4ab5ac6c9daf9cc5e6a78466e90684fb824c3f2105e8f5
  languageName: node
  linkType: hard

"client-only@npm:0.0.1":
  version: 0.0.1
  resolution: "client-only@npm:0.0.1"
  checksum: 0c16bf660dadb90610553c1d8946a7fdfb81d624adea073b8440b7d795d5b5b08beb3c950c6a2cf16279365a3265158a236876d92bce16423c485c322d7dfaf8
  languageName: node
  linkType: hard

"combined-stream@npm:^1.0.8":
  version: 1.0.8
  resolution: "combined-stream@npm:1.0.8"
  dependencies:
    delayed-stream: ~1.0.0
  checksum: 49fa4aeb4916567e33ea81d088f6584749fc90c7abec76fd516bf1c5aa5c79f3584b5ba3de6b86d26ddd64bae5329c4c7479343250cfe71c75bb366eae53bb7c
  languageName: node
  linkType: hard

"commander@npm:7":
  version: 7.2.0
  resolution: "commander@npm:7.2.0"
  checksum: 53501cbeee61d5157546c0bef0fedb6cdfc763a882136284bed9a07225f09a14b82d2a84e7637edfd1a679fb35ed9502fd58ef1d091e6287f60d790147f68ddc
  languageName: node
  linkType: hard

"cross-fetch@npm:^3.1.5":
  version: 3.1.8
  resolution: "cross-fetch@npm:3.1.8"
  dependencies:
    node-fetch: ^2.6.12
  checksum: 78f993fa099eaaa041122ab037fe9503ecbbcb9daef234d1d2e0b9230a983f64d645d088c464e21a247b825a08dc444a6e7064adfa93536d3a9454b4745b3632
  languageName: node
  linkType: hard

"csstype@npm:^3.0.2":
  version: 3.1.2
  resolution: "csstype@npm:3.1.2"
  checksum: e1a52e6c25c1314d6beef5168da704ab29c5186b877c07d822bd0806717d9a265e8493a2e35ca7e68d0f5d472d43fac1cdce70fd79fd0853dff81f3028d857b5
  languageName: node
  linkType: hard

"d3-array@npm:2 - 3, d3-array@npm:2.10.0 - 3, d3-array@npm:2.5.0 - 3, d3-array@npm:3, d3-array@npm:^3.2.0":
  version: 3.2.4
  resolution: "d3-array@npm:3.2.4"
  dependencies:
    internmap: 1 - 2
  checksum: a5976a6d6205f69208478bb44920dd7ce3e788c9dceb86b304dbe401a4bfb42ecc8b04c20facde486e9adcb488b5d1800d49393a3f81a23902b68158e12cddd0
  languageName: node
  linkType: hard

"d3-axis@npm:3":
  version: 3.0.0
  resolution: "d3-axis@npm:3.0.0"
  checksum: 227ddaa6d4bad083539c1ec245e2228b4620cca941997a8a650cb0af239375dc20271993127eedac66f0543f331027aca09385e1e16eed023f93eac937cddf0b
  languageName: node
  linkType: hard

"d3-brush@npm:3":
  version: 3.0.0
  resolution: "d3-brush@npm:3.0.0"
  dependencies:
    d3-dispatch: 1 - 3
    d3-drag: 2 - 3
    d3-interpolate: 1 - 3
    d3-selection: 3
    d3-transition: 3
  checksum: 1d042167769a02ac76271c71e90376d7184206e489552b7022a8ec2860209fe269db55e0a3430f3dcbe13b6fec2ff65b1adeaccba3218991b38e022390df72e3
  languageName: node
  linkType: hard

"d3-chord@npm:3":
  version: 3.0.1
  resolution: "d3-chord@npm:3.0.1"
  dependencies:
    d3-path: 1 - 3
  checksum: ddf35d41675e0f8738600a8a2f05bf0858def413438c12cba357c5802ecc1014c80a658acbbee63cbad2a8c747912efb2358455d93e59906fe37469f1dc6b78b
  languageName: node
  linkType: hard

"d3-color@npm:1 - 3, d3-color@npm:3":
  version: 3.1.0
  resolution: "d3-color@npm:3.1.0"
  checksum: 4931fbfda5d7c4b5cfa283a13c91a954f86e3b69d75ce588d06cde6c3628cebfc3af2069ccf225e982e8987c612aa7948b3932163ce15eb3c11cd7c003f3ee3b
  languageName: node
  linkType: hard

"d3-contour@npm:4":
  version: 4.0.2
  resolution: "d3-contour@npm:4.0.2"
  dependencies:
    d3-array: ^3.2.0
  checksum: 56aa082c1acf62a45b61c8d29fdd307041785aa17d9a07de7d1d848633769887a33fb6823888afa383f31c460d0f21d24756593e84e334ddb92d774214d32f1b
  languageName: node
  linkType: hard

"d3-delaunay@npm:6":
  version: 6.0.4
  resolution: "d3-delaunay@npm:6.0.4"
  dependencies:
    delaunator: 5
  checksum: ce6d267d5ef21a8aeadfe4606329fc80a22ab6e7748d47bc220bcc396ee8be84b77a5473033954c5ac4aa522d265ddc45d4165d30fe4787dd60a15ea66b9bbb4
  languageName: node
  linkType: hard

"d3-dispatch@npm:1 - 3, d3-dispatch@npm:3":
  version: 3.0.1
  resolution: "d3-dispatch@npm:3.0.1"
  checksum: fdfd4a230f46463e28e5b22a45dd76d03be9345b605e1b5dc7d18bd7ebf504e6c00ae123fd6d03e23d9e2711e01f0e14ea89cd0632545b9f0c00b924ba4be223
  languageName: node
  linkType: hard

"d3-drag@npm:2 - 3, d3-drag@npm:3":
  version: 3.0.0
  resolution: "d3-drag@npm:3.0.0"
  dependencies:
    d3-dispatch: 1 - 3
    d3-selection: 3
  checksum: d297231e60ecd633b0d076a63b4052b436ddeb48b5a3a11ff68c7e41a6774565473a6b064c5e9256e88eca6439a917ab9cea76032c52d944ddbf4fd289e31111
  languageName: node
  linkType: hard

"d3-dsv@npm:1 - 3, d3-dsv@npm:3":
  version: 3.0.1
  resolution: "d3-dsv@npm:3.0.1"
  dependencies:
    commander: 7
    iconv-lite: 0.6
    rw: 1
  bin:
    csv2json: bin/dsv2json.js
    csv2tsv: bin/dsv2dsv.js
    dsv2dsv: bin/dsv2dsv.js
    dsv2json: bin/dsv2json.js
    json2csv: bin/json2dsv.js
    json2dsv: bin/json2dsv.js
    json2tsv: bin/json2dsv.js
    tsv2csv: bin/dsv2dsv.js
    tsv2json: bin/dsv2json.js
  checksum: 5fc0723647269d5dccd181d74f2265920ab368a2868b0b4f55ffa2fecdfb7814390ea28622cd61ee5d9594ab262879509059544e9f815c54fe76fbfb4ffa4c8a
  languageName: node
  linkType: hard

"d3-ease@npm:1 - 3, d3-ease@npm:3":
  version: 3.0.1
  resolution: "d3-ease@npm:3.0.1"
  checksum: 06e2ee5326d1e3545eab4e2c0f84046a123dcd3b612e68858219aa034da1160333d9ce3da20a1d3486d98cb5c2a06f7d233eee1bc19ce42d1533458bd85dedcd
  languageName: node
  linkType: hard

"d3-fetch@npm:3":
  version: 3.0.1
  resolution: "d3-fetch@npm:3.0.1"
  dependencies:
    d3-dsv: 1 - 3
  checksum: 382dcea06549ef82c8d0b719e5dc1d96286352579e3b51b20f71437f5800323315b09cf7dcfd4e1f60a41e1204deb01758470cea257d2285a7abd9dcec806984
  languageName: node
  linkType: hard

"d3-force@npm:3":
  version: 3.0.0
  resolution: "d3-force@npm:3.0.0"
  dependencies:
    d3-dispatch: 1 - 3
    d3-quadtree: 1 - 3
    d3-timer: 1 - 3
  checksum: 6c7e96438cab62fa32aeadb0ade3297b62b51f81b1b38b0a60a5ec9fd627d74090c1189654d92df2250775f31b06812342f089f1d5947de9960a635ee3581def
  languageName: node
  linkType: hard

"d3-format@npm:1 - 3, d3-format@npm:3":
  version: 3.1.0
  resolution: "d3-format@npm:3.1.0"
  checksum: f345ec3b8ad3cab19bff5dead395bd9f5590628eb97a389b1dd89f0b204c7c4fc1d9520f13231c2c7cf14b7c9a8cf10f8ef15bde2befbab41454a569bd706ca2
  languageName: node
  linkType: hard

"d3-geo@npm:3":
  version: 3.1.0
  resolution: "d3-geo@npm:3.1.0"
  dependencies:
    d3-array: 2.5.0 - 3
  checksum: adf82b0c105c0c5951ae0a833d4dfc479a563791ad7938579fa14e1cffd623b469d8aa7a37dc413a327fb6ac56880f3da3f6c43d4abe3c923972dd98f34f37d1
  languageName: node
  linkType: hard

"d3-hierarchy@npm:3":
  version: 3.1.2
  resolution: "d3-hierarchy@npm:3.1.2"
  checksum: 0fd946a8c5fd4686d43d3e11bbfc2037a145fda29d2261ccd0e36f70b66af6d7638e2c0c7112124d63fc3d3127197a00a6aecf676bd5bd392a94d7235a214263
  languageName: node
  linkType: hard

"d3-interpolate@npm:1 - 3, d3-interpolate@npm:1.2.0 - 3, d3-interpolate@npm:3":
  version: 3.0.1
  resolution: "d3-interpolate@npm:3.0.1"
  dependencies:
    d3-color: 1 - 3
  checksum: a42ba314e295e95e5365eff0f604834e67e4a3b3c7102458781c477bd67e9b24b6bb9d8e41ff5521050a3f2c7c0c4bbbb6e187fd586daa3980943095b267e78b
  languageName: node
  linkType: hard

"d3-path@npm:1 - 3, d3-path@npm:3, d3-path@npm:^3.1.0":
  version: 3.1.0
  resolution: "d3-path@npm:3.1.0"
  checksum: 2306f1bd9191e1eac895ec13e3064f732a85f243d6e627d242a313f9777756838a2215ea11562f0c7630c7c3b16a19ec1fe0948b1c82f3317fac55882f6ee5d8
  languageName: node
  linkType: hard

"d3-polygon@npm:3":
  version: 3.0.1
  resolution: "d3-polygon@npm:3.0.1"
  checksum: 0b85c532517895544683849768a2c377cee3801ef8ccf3fa9693c8871dd21a0c1a2a0fc75ff54192f0ba2c562b0da2bc27f5bf959dfafc7fa23573b574865d2c
  languageName: node
  linkType: hard

"d3-quadtree@npm:1 - 3, d3-quadtree@npm:3":
  version: 3.0.1
  resolution: "d3-quadtree@npm:3.0.1"
  checksum: 5469d462763811475f34a7294d984f3eb100515b0585ca5b249656f6b1a6e99b20056a2d2e463cc9944b888896d2b1d07859c50f9c0cf23438df9cd2e3146066
  languageName: node
  linkType: hard

"d3-random@npm:3":
  version: 3.0.1
  resolution: "d3-random@npm:3.0.1"
  checksum: a70ad8d1cabe399ebeb2e482703121ac8946a3b336830b518da6848b9fdd48a111990fc041dc716f16885a72176ffa2898f2a250ca3d363ecdba5ef92b18e131
  languageName: node
  linkType: hard

"d3-scale-chromatic@npm:3":
  version: 3.0.0
  resolution: "d3-scale-chromatic@npm:3.0.0"
  dependencies:
    d3-color: 1 - 3
    d3-interpolate: 1 - 3
  checksum: a8ce4cb0267a17b28ebbb929f5e3071d985908a9c13b6fcaa2a198e1e018f275804d691c5794b970df0049725b7944f32297b31603d235af6414004f0c7f82c0
  languageName: node
  linkType: hard

"d3-scale@npm:4":
  version: 4.0.2
  resolution: "d3-scale@npm:4.0.2"
  dependencies:
    d3-array: 2.10.0 - 3
    d3-format: 1 - 3
    d3-interpolate: 1.2.0 - 3
    d3-time: 2.1.1 - 3
    d3-time-format: 2 - 4
  checksum: a9c770d283162c3bd11477c3d9d485d07f8db2071665f1a4ad23eec3e515e2cefbd369059ec677c9ac849877d1a765494e90e92051d4f21111aa56791c98729e
  languageName: node
  linkType: hard

"d3-selection@npm:2 - 3, d3-selection@npm:3":
  version: 3.0.0
  resolution: "d3-selection@npm:3.0.0"
  checksum: f4e60e133309115b99f5b36a79ae0a19d71ee6e2d5e3c7216ef3e75ebd2cb1e778c2ed2fa4c01bef35e0dcbd96c5428f5bd6ca2184fe2957ed582fde6841cbc5
  languageName: node
  linkType: hard

"d3-shape@npm:3":
  version: 3.2.0
  resolution: "d3-shape@npm:3.2.0"
  dependencies:
    d3-path: ^3.1.0
  checksum: de2af5fc9a93036a7b68581ca0bfc4aca2d5a328aa7ba7064c11aedd44d24f310c20c40157cb654359d4c15c3ef369f95ee53d71221017276e34172c7b719cfa
  languageName: node
  linkType: hard

"d3-time-format@npm:2 - 4, d3-time-format@npm:4":
  version: 4.1.0
  resolution: "d3-time-format@npm:4.1.0"
  dependencies:
    d3-time: 1 - 3
  checksum: 7342bce28355378152bbd4db4e275405439cabba082d9cd01946d40581140481c8328456d91740b0fe513c51ec4a467f4471ffa390c7e0e30ea30e9ec98fcdf4
  languageName: node
  linkType: hard

"d3-time@npm:1 - 3, d3-time@npm:2.1.1 - 3, d3-time@npm:3":
  version: 3.1.0
  resolution: "d3-time@npm:3.1.0"
  dependencies:
    d3-array: 2 - 3
  checksum: 613b435352a78d9f31b7f68540788186d8c331b63feca60ad21c88e9db1989fe888f97f242322ebd6365e45ec3fb206a4324cd4ca0dfffa1d9b5feb856ba00a7
  languageName: node
  linkType: hard

"d3-timer@npm:1 - 3, d3-timer@npm:3":
  version: 3.0.1
  resolution: "d3-timer@npm:3.0.1"
  checksum: 1cfddf86d7bca22f73f2c427f52dfa35c49f50d64e187eb788dcad6e927625c636aa18ae4edd44d084eb9d1f81d8ca4ec305dae7f733c15846a824575b789d73
  languageName: node
  linkType: hard

"d3-transition@npm:2 - 3, d3-transition@npm:3":
  version: 3.0.1
  resolution: "d3-transition@npm:3.0.1"
  dependencies:
    d3-color: 1 - 3
    d3-dispatch: 1 - 3
    d3-ease: 1 - 3
    d3-interpolate: 1 - 3
    d3-timer: 1 - 3
  peerDependencies:
    d3-selection: 2 - 3
  checksum: cb1e6e018c3abf0502fe9ff7b631ad058efb197b5e14b973a410d3935aead6e3c07c67d726cfab258e4936ef2667c2c3d1cd2037feb0765f0b4e1d3b8788c0ea
  languageName: node
  linkType: hard

"d3-zoom@npm:3":
  version: 3.0.0
  resolution: "d3-zoom@npm:3.0.0"
  dependencies:
    d3-dispatch: 1 - 3
    d3-drag: 2 - 3
    d3-interpolate: 1 - 3
    d3-selection: 2 - 3
    d3-transition: 2 - 3
  checksum: 8056e3527281cfd1ccbcbc458408f86973b0583e9dac00e51204026d1d36803ca437f970b5736f02fafed9f2b78f145f72a5dbc66397e02d4d95d4c594b8ff54
  languageName: node
  linkType: hard

"d3@npm:^7.8.0":
  version: 7.8.5
  resolution: "d3@npm:7.8.5"
  dependencies:
    d3-array: 3
    d3-axis: 3
    d3-brush: 3
    d3-chord: 3
    d3-color: 3
    d3-contour: 4
    d3-delaunay: 6
    d3-dispatch: 3
    d3-drag: 3
    d3-dsv: 3
    d3-ease: 3
    d3-fetch: 3
    d3-force: 3
    d3-format: 3
    d3-geo: 3
    d3-hierarchy: 3
    d3-interpolate: 3
    d3-path: 3
    d3-polygon: 3
    d3-quadtree: 3
    d3-random: 3
    d3-scale: 4
    d3-scale-chromatic: 3
    d3-selection: 3
    d3-shape: 3
    d3-time: 3
    d3-time-format: 4
    d3-timer: 3
    d3-transition: 3
    d3-zoom: 3
  checksum: e407e79731f74d946a5eb8dec2f037b5a4ad33c294409b1d3531fdf7094de48adfe364974cb37e2396bdb81e23149d56d0ede716c004d6aebb52b3cc114cd15c
  languageName: node
  linkType: hard

"delaunator@npm:5":
  version: 5.0.0
  resolution: "delaunator@npm:5.0.0"
  dependencies:
    robust-predicates: ^3.0.0
  checksum: d6764188442b7f7c6bcacebd96edc00e35f542a96f1af3ef600e586bfb9849a3682c489c0ab423440c90bc4c7cac77f28761babff76fa29e193e1cf50a95b860
  languageName: node
  linkType: hard

"delayed-stream@npm:~1.0.0":
  version: 1.0.0
  resolution: "delayed-stream@npm:1.0.0"
  checksum: 46fe6e83e2cb1d85ba50bd52803c68be9bd953282fa7096f51fc29edd5d67ff84ff753c51966061e5ba7cb5e47ef6d36a91924eddb7f3f3483b1c560f77a0020
  languageName: node
  linkType: hard

"extract-files@npm:^9.0.0":
  version: 9.0.0
  resolution: "extract-files@npm:9.0.0"
  checksum: c31781d090f8d8f62cc541f1023b39ea863f24bd6fb3d4011922d71cbded70cef8191f2b70b43ec6cb5c5907cdad1dc5e9f29f78228936c10adc239091d8ab64
  languageName: node
  linkType: hard

"form-data@npm:^3.0.0":
  version: 3.0.1
  resolution: "form-data@npm:3.0.1"
  dependencies:
    asynckit: ^0.4.0
    combined-stream: ^1.0.8
    mime-types: ^2.1.12
  checksum: b019e8d35c8afc14a2bd8a7a92fa4f525a4726b6d5a9740e8d2623c30e308fbb58dc8469f90415a856698933c8479b01646a9dff33c87cc4e76d72aedbbf860d
  languageName: node
  linkType: hard

"glob-to-regexp@npm:^0.4.1":
  version: 0.4.1
  resolution: "glob-to-regexp@npm:0.4.1"
  checksum: e795f4e8f06d2a15e86f76e4d92751cf8bbfcf0157cea5c2f0f35678a8195a750b34096b1256e436f0cebc1883b5ff0888c47348443e69546a5a87f9e1eb1167
  languageName: node
  linkType: hard

"graceful-fs@npm:^4.1.2":
  version: 4.2.11
  resolution: "graceful-fs@npm:4.2.11"
  checksum: ac85f94da92d8eb6b7f5a8b20ce65e43d66761c55ce85ac96df6865308390da45a8d3f0296dd3a663de65d30ba497bd46c696cc1e248c72b13d6d567138a4fc7
  languageName: node
  linkType: hard

"graphql-request@npm:5.1.0":
  version: 5.1.0
  resolution: "graphql-request@npm:5.1.0"
  dependencies:
    "@graphql-typed-document-node/core": ^3.1.1
    cross-fetch: ^3.1.5
    extract-files: ^9.0.0
    form-data: ^3.0.0
  peerDependencies:
    graphql: 14 - 16
  checksum: 8b65d5c1b0cad8996a843b52305b2712ffbf842c700487d4cee1ed719f22baacaacfddafb65572bcddd67d57fd1d2d389dee2430ffba4b34c3ab542d079446c7
  languageName: node
  linkType: hard

"graphql@npm:16.5.0":
  version: 16.5.0
  resolution: "graphql@npm:16.5.0"
  checksum: a82a926d085818934d04fdf303a269af170e79de943678bd2726370a96194f9454ade9d6d76c2de69afbd7b9f0b4f8061619baecbbddbe82125860e675ac219e
  languageName: node
  linkType: hard

"iconv-lite@npm:0.6":
  version: 0.6.3
  resolution: "iconv-lite@npm:0.6.3"
  dependencies:
    safer-buffer: ">= 2.1.2 < 3.0.0"
  checksum: 3f60d47a5c8fc3313317edfd29a00a692cc87a19cac0159e2ce711d0ebc9019064108323b5e493625e25594f11c6236647d8e256fbe7a58f4a3b33b89e6d30bf
  languageName: node
  linkType: hard

"internmap@npm:1 - 2":
  version: 2.0.3
  resolution: "internmap@npm:2.0.3"
  checksum: 7ca41ec6aba8f0072fc32fa8a023450a9f44503e2d8e403583c55714b25efd6390c38a87161ec456bf42d7bc83aab62eb28f5aef34876b1ac4e60693d5e1d241
  languageName: node
  linkType: hard

"interval-tree-1d@npm:^1.0.0":
  version: 1.0.4
  resolution: "interval-tree-1d@npm:1.0.4"
  dependencies:
    binary-search-bounds: ^2.0.0
  checksum: 7cac7a4ea99ba2d03e3ebaeaf73ad35eaeebc63b5dca1e126601474c7e41c09b158acc31423595c384a88ea7c1ce8e0b340cfde41a85fd6dbef552d12f35ba69
  languageName: node
  linkType: hard

"isoformat@npm:^0.2.0":
  version: 0.2.1
  resolution: "isoformat@npm:0.2.1"
  checksum: 28487777526c93360c2f49abbf03d45778ad2c55bfccb3a6bf04905b2ddfafcb9f29a68d6ab5251f2919afb47e0e018fe25f815fd68180f4117161c508878558
  languageName: node
  linkType: hard

"js-tokens@npm:^3.0.0 || ^4.0.0":
  version: 4.0.0
  resolution: "js-tokens@npm:4.0.0"
  checksum: 8a95213a5a77deb6cbe94d86340e8d9ace2b93bc367790b260101d2f36a2eaf4e4e22d9fa9cf459b38af3a32fb4190e638024cf82ec95ef708680e405ea7cc78
  languageName: node
  linkType: hard

"loose-envify@npm:^1.1.0":
  version: 1.4.0
  resolution: "loose-envify@npm:1.4.0"
  dependencies:
    js-tokens: ^3.0.0 || ^4.0.0
  bin:
    loose-envify: cli.js
  checksum: 6517e24e0cad87ec9888f500c5b5947032cdfe6ef65e1c1936a0c48a524b81e65542c9c3edc91c97d5bddc806ee2a985dbc79be89215d613b1de5db6d1cfe6f4
  languageName: node
  linkType: hard

"mime-db@npm:1.52.0":
  version: 1.52.0
  resolution: "mime-db@npm:1.52.0"
  checksum: 0d99a03585f8b39d68182803b12ac601d9c01abfa28ec56204fa330bc9f3d1c5e14beb049bafadb3dbdf646dfb94b87e24d4ec7b31b7279ef906a8ea9b6a513f
  languageName: node
  linkType: hard

"mime-types@npm:^2.1.12":
  version: 2.1.35
  resolution: "mime-types@npm:2.1.35"
  dependencies:
    mime-db: 1.52.0
  checksum: 89a5b7f1def9f3af5dad6496c5ed50191ae4331cc5389d7c521c8ad28d5fdad2d06fd81baf38fed813dc4e46bb55c8145bb0ff406330818c9cf712fb2e9b3836
  languageName: node
  linkType: hard

"nanoid@npm:^3.3.4":
  version: 3.3.6
  resolution: "nanoid@npm:3.3.6"
  bin:
    nanoid: bin/nanoid.cjs
  checksum: 7d0eda657002738aa5206107bd0580aead6c95c460ef1bdd0b1a87a9c7ae6277ac2e9b945306aaa5b32c6dcb7feaf462d0f552e7f8b5718abfc6ead5c94a71b3
  languageName: node
  linkType: hard

"next@npm:latest":
  version: 13.4.12
  resolution: "next@npm:13.4.12"
  dependencies:
    "@next/env": 13.4.12
    "@next/swc-darwin-arm64": 13.4.12
    "@next/swc-darwin-x64": 13.4.12
    "@next/swc-linux-arm64-gnu": 13.4.12
    "@next/swc-linux-arm64-musl": 13.4.12
    "@next/swc-linux-x64-gnu": 13.4.12
    "@next/swc-linux-x64-musl": 13.4.12
    "@next/swc-win32-arm64-msvc": 13.4.12
    "@next/swc-win32-ia32-msvc": 13.4.12
    "@next/swc-win32-x64-msvc": 13.4.12
    "@swc/helpers": 0.5.1
    busboy: 1.6.0
    caniuse-lite: ^1.0.30001406
    postcss: 8.4.14
    styled-jsx: 5.1.1
    watchpack: 2.4.0
    zod: 3.21.4
  peerDependencies:
    "@opentelemetry/api": ^1.1.0
    fibers: ">= 3.1.0"
    react: ^18.2.0
    react-dom: ^18.2.0
    sass: ^1.3.0
  dependenciesMeta:
    "@next/swc-darwin-arm64":
      optional: true
    "@next/swc-darwin-x64":
      optional: true
    "@next/swc-linux-arm64-gnu":
      optional: true
    "@next/swc-linux-arm64-musl":
      optional: true
    "@next/swc-linux-x64-gnu":
      optional: true
    "@next/swc-linux-x64-musl":
      optional: true
    "@next/swc-win32-arm64-msvc":
      optional: true
    "@next/swc-win32-ia32-msvc":
      optional: true
    "@next/swc-win32-x64-msvc":
      optional: true
  peerDependenciesMeta:
    "@opentelemetry/api":
      optional: true
    fibers:
      optional: true
    sass:
      optional: true
  bin:
    next: dist/bin/next
  checksum: 50bd443ffe09424c1a94d6606d41886ccd1d65185e125aa199957ea92c5e4d1c226f1675f3e5ea92e88f43f8355824ba50db52a8aeae225f7a86b6c901d25527
  languageName: node
  linkType: hard

"node-fetch@npm:^2.6.12":
  version: 2.6.12
  resolution: "node-fetch@npm:2.6.12"
  dependencies:
    whatwg-url: ^5.0.0
  peerDependencies:
    encoding: ^0.1.0
  peerDependenciesMeta:
    encoding:
      optional: true
  checksum: 3bc1655203d47ee8e313c0d96664b9673a3d4dd8002740318e9d27d14ef306693a4b2ef8d6525775056fd912a19e23f3ac0d7111ad8925877b7567b29a625592
  languageName: node
  linkType: hard

"picocolors@npm:^1.0.0":
  version: 1.0.0
  resolution: "picocolors@npm:1.0.0"
  checksum: a2e8092dd86c8396bdba9f2b5481032848525b3dc295ce9b57896f931e63fc16f79805144321f72976383fc249584672a75cc18d6777c6b757603f372f745981
  languageName: node
  linkType: hard

"postcss@npm:8.4.14":
  version: 8.4.14
  resolution: "postcss@npm:8.4.14"
  dependencies:
    nanoid: ^3.3.4
    picocolors: ^1.0.0
    source-map-js: ^1.0.2
  checksum: fe58766ff32e4becf65a7d57678995cfd239df6deed2fe0557f038b47c94e4132e7e5f68b5aa820c13adfec32e523b693efaeb65798efb995ce49ccd83953816
  languageName: node
  linkType: hard

"react-dom@npm:18.2.0":
  version: 18.2.0
  resolution: "react-dom@npm:18.2.0"
  dependencies:
    loose-envify: ^1.1.0
    scheduler: ^0.23.0
  peerDependencies:
    react: ^18.2.0
  checksum: 7d323310bea3a91be2965f9468d552f201b1c27891e45ddc2d6b8f717680c95a75ae0bc1e3f5cf41472446a2589a75aed4483aee8169287909fcd59ad149e8cc
  languageName: node
  linkType: hard

"react@npm:18.2.0":
  version: 18.2.0
  resolution: "react@npm:18.2.0"
  dependencies:
    loose-envify: ^1.1.0
  checksum: 88e38092da8839b830cda6feef2e8505dec8ace60579e46aa5490fc3dc9bba0bd50336507dc166f43e3afc1c42939c09fe33b25fae889d6f402721dcd78fca1b
  languageName: node
  linkType: hard

"robust-predicates@npm:^3.0.0":
  version: 3.0.2
  resolution: "robust-predicates@npm:3.0.2"
  checksum: 36854c1321548ceca96d36ad9d6e0a5a512986029ec6929ad6ed3ec1612c22cc8b46cc72d2c5674af42e8074a119d793f6f0ea3a5b51373e3ab926c64b172d7a
  languageName: node
  linkType: hard

"root-workspace-0b6124@workspace:.":
  version: 0.0.0-use.local
  resolution: "root-workspace-0b6124@workspace:."
  dependencies:
    "@madatdata/core": canary
    "@madatdata/react": canary
    "@observablehq/plot": 0.6.7
    "@types/node": ^18.0.0
    "@types/react": ^18.0.14
    next: latest
    react: 18.2.0
    react-dom: 18.2.0
    typescript: ^4.7.4
  languageName: unknown
  linkType: soft

"rw@npm:1":
  version: 1.3.3
  resolution: "rw@npm:1.3.3"
  checksum: c20d82421f5a71c86a13f76121b751553a99cd4a70ea27db86f9b23f33db941f3f06019c30f60d50c356d0bd674c8e74764ac146ea55e217c091bde6fba82aa3
  languageName: node
  linkType: hard

"safer-buffer@npm:>= 2.1.2 < 3.0.0":
  version: 2.1.2
  resolution: "safer-buffer@npm:2.1.2"
  checksum: cab8f25ae6f1434abee8d80023d7e72b598cf1327164ddab31003c51215526801e40b66c5e65d658a0af1e9d6478cadcb4c745f4bd6751f97d8644786c0978b0
  languageName: node
  linkType: hard

"scheduler@npm:^0.23.0":
  version: 0.23.0
  resolution: "scheduler@npm:0.23.0"
  dependencies:
    loose-envify: ^1.1.0
  checksum: d79192eeaa12abef860c195ea45d37cbf2bbf5f66e3c4dcd16f54a7da53b17788a70d109ee3d3dde1a0fd50e6a8fc171f4300356c5aee4fc0171de526bf35f8a
  languageName: node
  linkType: hard

"source-map-js@npm:^1.0.2":
  version: 1.0.2
  resolution: "source-map-js@npm:1.0.2"
  checksum: c049a7fc4deb9a7e9b481ae3d424cc793cb4845daa690bc5a05d428bf41bf231ced49b4cf0c9e77f9d42fdb3d20d6187619fc586605f5eabe995a316da8d377c
  languageName: node
  linkType: hard

"streamsearch@npm:^1.1.0":
  version: 1.1.0
  resolution: "streamsearch@npm:1.1.0"
  checksum: 1cce16cea8405d7a233d32ca5e00a00169cc0e19fbc02aa839959985f267335d435c07f96e5e0edd0eadc6d39c98d5435fb5bbbdefc62c41834eadc5622ad942
  languageName: node
  linkType: hard

"styled-jsx@npm:5.1.1":
  version: 5.1.1
  resolution: "styled-jsx@npm:5.1.1"
  dependencies:
    client-only: 0.0.1
  peerDependencies:
    react: ">= 16.8.0 || 17.x.x || ^18.0.0-0"
  peerDependenciesMeta:
    "@babel/core":
      optional: true
    babel-plugin-macros:
      optional: true
  checksum: 523a33b38603492547e861b98e29c873939b04e15fbe5ef16132c6f1e15958126647983c7d4675325038b428a5e91183d996e90141b18bdd1bbadf6e2c45b2fa
  languageName: node
  linkType: hard

"tr46@npm:~0.0.3":
  version: 0.0.3
  resolution: "tr46@npm:0.0.3"
  checksum: 726321c5eaf41b5002e17ffbd1fb7245999a073e8979085dacd47c4b4e8068ff5777142fc6726d6ca1fd2ff16921b48788b87225cbc57c72636f6efa8efbffe3
  languageName: node
  linkType: hard

"tslib@npm:^2.4.0":
  version: 2.6.1
  resolution: "tslib@npm:2.6.1"
  checksum: b0d176d176487905b66ae4d5856647df50e37beea7571c53b8d10ba9222c074b81f1410fb91da13debaf2cbc970663609068bdebafa844ea9d69b146527c38fe
  languageName: node
  linkType: hard

"typescript-retry-decorator@npm:2.0.5":
  version: 2.0.5
  resolution: "typescript-retry-decorator@npm:2.0.5"
  checksum: 0b81079a334c694b49494b08c505bf7d100ceb215e4433857c6c3cae2facfbb66a88905b2051542a12536497a51067e39abaf194c4409972a093b0a6122b8015
  languageName: node
  linkType: hard

"typescript@npm:^4.7.4":
  version: 4.9.5
  resolution: "typescript@npm:4.9.5"
  bin:
    tsc: bin/tsc
    tsserver: bin/tsserver
  checksum: ee000bc26848147ad423b581bd250075662a354d84f0e06eb76d3b892328d8d4440b7487b5a83e851b12b255f55d71835b008a66cbf8f255a11e4400159237db
  languageName: node
  linkType: hard

"typescript@patch:typescript@^4.7.4#~builtin<compat/typescript>":
  version: 4.9.5
  resolution: "typescript@patch:typescript@npm%3A4.9.5#~builtin<compat/typescript>::version=4.9.5&hash=7ad353"
  bin:
    tsc: bin/tsc
    tsserver: bin/tsserver
  checksum: 2eee5c37cad4390385db5db5a8e81470e42e8f1401b0358d7390095d6f681b410f2c4a0c496c6ff9ebd775423c7785cdace7bcdad76c7bee283df3d9718c0f20
  languageName: node
  linkType: hard

"watchpack@npm:2.4.0":
  version: 2.4.0
  resolution: "watchpack@npm:2.4.0"
  dependencies:
    glob-to-regexp: ^0.4.1
    graceful-fs: ^4.1.2
  checksum: 23d4bc58634dbe13b86093e01c6a68d8096028b664ab7139d58f0c37d962d549a940e98f2f201cecdabd6f9c340338dc73ef8bf094a2249ef582f35183d1a131
  languageName: node
  linkType: hard

"webidl-conversions@npm:^3.0.0":
  version: 3.0.1
  resolution: "webidl-conversions@npm:3.0.1"
  checksum: c92a0a6ab95314bde9c32e1d0a6dfac83b578f8fa5f21e675bc2706ed6981bc26b7eb7e6a1fab158e5ce4adf9caa4a0aee49a52505d4d13c7be545f15021b17c
  languageName: node
  linkType: hard

"whatwg-url@npm:^5.0.0":
  version: 5.0.0
  resolution: "whatwg-url@npm:5.0.0"
  dependencies:
    tr46: ~0.0.3
    webidl-conversions: ^3.0.0
  checksum: b8daed4ad3356cc4899048a15b2c143a9aed0dfae1f611ebd55073310c7b910f522ad75d727346ad64203d7e6c79ef25eafd465f4d12775ca44b90fa82ed9e2c
  languageName: node
  linkType: hard

"zod@npm:3.21.4":
  version: 3.21.4
  resolution: "zod@npm:3.21.4"
  checksum: f185ba87342ff16f7a06686767c2b2a7af41110c7edf7c1974095d8db7a73792696bcb4a00853de0d2edeb34a5b2ea6a55871bc864227dace682a0a28de33e1f
  languageName: node
  linkType: hard
